dependencies:
- name: kube-prometheus-stack
  repository: https://prometheus-community.github.io/helm-charts
  version: 82.10.2
- name: elasticsearch
  repository: file://charts/elasticsearch
  version: 1.0.0
- name: logstash
  repository: file://charts/logstash
  version: 1.0.0
- name: kibana
  repository: file://charts/kibana
  version: 1.0.0
- name: filebeat
  repository: file://charts/filebeat
  version: 1.0.0
digest: sha256:100034d0bfa834005e5802cbd86b32742d494643a461d8207438ecf83ede2857
generated: "2026-03-10T17:30:14.4929997+08:00"
