dependencies:
- name: postgresql
  repository: ""
  version: 1.0.0
- name: kafka
  repository: ""
  version: 1.0.0
- name: keycloak
  repository: ""
  version: 1.0.0
- name: gateway-service
  repository: ""
  version: 1.0.0
- name: front-ui
  repository: ""
  version: 1.0.0
- name: accounts-service
  repository: ""
  version: 1.0.0
- name: cash-service
  repository: ""
  version: 1.0.0
- name: transfer-service
  repository: ""
  version: 1.0.0
- name: notifications-service
  repository: ""
  version: 1.0.0
- name: zipkin
  repository: ""
  version: 1.0.0
digest: sha256:3b2b00fd75538621e0681d1d115b6c179adde24f034e7d7176ebd1e73e98be90
generated: "2026-03-05T20:41:53.4767744+08:00"
