dependencies:
- name: postgresql
  repository: ""
  version: 1.0.0
- name: kafka
  repository: ""
  version: 1.0.0
- name: keycloak
  repository: ""
  version: 1.0.0
- name: gateway-service
  repository: ""
  version: 1.0.0
- name: front-ui
  repository: ""
  version: 1.0.0
- name: accounts-service
  repository: ""
  version: 1.0.0
- name: cash-service
  repository: ""
  version: 1.0.0
- name: transfer-service
  repository: ""
  version: 1.0.0
- name: notifications-service
  repository: ""
  version: 1.0.0
digest: sha256:07c9f876f12ec06a8ae85c4ab3faf4b257a2b3275c1a64546541b197d60cf471
generated: "2026-02-27T11:12:02.9123115+08:00"
